// !$*UTF8*$!
{
	archiveVersion = 1;
	classes = {
	};
	objectVersion = 50;
	objects = {

/* Begin PBXBuildFile section */
		22539E87213066AB00EF6AB2 /* AppDelegate.swift in Sources */ = {isa = PBXBuildFile; fileRef = 22539E86213066AB00EF6AB2 /* AppDelegate.swift */; };
		22539E89213066AB00EF6AB2 /* ViewController.swift in Sources */ = {isa = PBXBuildFile; fileRef = 22539E88213066AB00EF6AB2 /* ViewController.swift */; };
		22539E8C213066AB00EF6AB2 /* Main.storyboard in Resources */ = {isa = PBXBuildFile; fileRef = 22539E8A213066AB00EF6AB2 /* Main.storyboard */; };
		22539E8E213066AD00EF6AB2 /* Assets.xcassets in Resources */ = {isa = PBXBuildFile; fileRef = 22539E8D213066AD00EF6AB2 /* Assets.xcassets */; };
		22539E91213066AD00EF6AB2 /* LaunchScreen.storyboard in Resources */ = {isa = PBXBuildFile; fileRef = 22539E8F213066AD00EF6AB2 /* LaunchScreen.storyboard */; };
/* End PBXBuildFile section */

/* Begin PBXFileReference section */
		22539E83213066AB00EF6AB2 /* NiceSquigglyDoomHell.app */ = {isa = PBXFileReference; explicitFileType = wrapper.application; includeInIndex = 0; path = NiceSquigglyDoomHell.app; sourceTree = BUILT_PRODUCTS_DIR; };
		22539E86213066AB00EF6AB2 /* AppDelegate.swift */ = {isa = PBXFileReference; lastKnownFileType = sourcecode.swift; path = AppDelegate.swift; sourceTree = "<group>"; };
		22539E88213066AB00EF6AB2 /* ViewController.swift */ = {isa = PBXFileReference; lastKnownFileType = sourcecode.swift; path = ViewController.swift; sourceTree = "<group>"; };
		22539E8B213066AB00EF6AB2 /* Base */ = {isa = PBXFileReference; lastKnownFileType = file.storyboard; name = Base; path = Base.lproj/Main.storyboard; sourceTree = "<group>"; };
		22539E8D213066AD00EF6AB2 /* Assets.xcassets */ = {isa = PBXFileReference; lastKnownFileType = folder.assetcatalog; path = Assets.xcassets; sourceTree = "<group>"; };
		22539E90213066AD00EF6AB2 /* Base */ = {isa = PBXFileReference; lastKnownFileType = file.storyboard; name = Base; path = Base.lproj/LaunchScreen.storyboard; sourceTree = "<group>"; };
		22539E92213066AD00EF6AB2 /* Info.plist */ = {isa = PBXFileReference; lastKnownFileType = text.plist.xml; path = Info.plist; sourceTree = "<group>"; };
/* End PBXFileReference section */

/* Begin PBXFrameworksBuildPhase section */
		22539E80213066AB00EF6AB2 /* Frameworks */ = {
			isa = PBXFrameworksBuildPhase;
			buildActionMask = 2147483647;
			files = (
			);
			runOnlyForDeploymentPostprocessing = 0;
		};
/* End PBXFrameworksBuildPhase section */

/* Begin PBXGroup section */
		22539E7A213066AB00EF6AB2 = {
			isa = PBXGroup;
			children = (
				22539E85213066AB00EF6AB2 /* NiceSquigglyDoomHell */,
				22539E84213066AB00EF6AB2 /* Products */,
			);
			sourceTree = "<group>";
		};
		22539E84213066AB00EF6AB2 /* Products */ = {
			isa = PBXGroup;
			children = (
				22539E83213066AB00EF6AB2 /* NiceSquigglyDoomHell.app */,
			);
			name = Products;
			sourceTree = "<group>";
		};
		22539E85213066AB00EF6AB2 /* NiceSquigglyDoomHell */ = {
			isa = PBXGroup;
			children = (
				22539E86213066AB00EF6AB2 /* AppDelegate.swift */,
				22539E88213066AB00EF6AB2 /* ViewController.swift */,
				22539E8A213066AB00EF6AB2 /* Main.storyboard */,
				22539E8D213066AD00EF6AB2 /* Assets.xcassets */,
				22539E8F213066AD00EF6AB2 /* LaunchScreen.storyboard */,
				22539E92213066AD00EF6AB2 /* Info.plist */,
			);
			path = NiceSquigglyDoomHell;
			sourceTree = "<group>";
		};
/* End PBXGroup section */

/* Begin PBXNativeTarget section */
		22539E82213066AB00EF6AB2 /* NiceSquigglyDoomHell */ = {
			isa = PBXNativeTarget;
			buildConfigurationList = 22539E95213066AD00EF6AB2 /* Build configuration list for PBXNativeTarget "NiceSquigglyDoomHell" */;
			buildPhases = (
				22539E7F213066AB00EF6AB2 /* Sources */,
				22539E80213066AB00EF6AB2 /* Frameworks */,
				22539E81213066AB00EF6AB2 /* Resources */,
				22539E98213070BE00EF6AB2 /* ShellScript */,
			);
			buildRules = (
			);
			dependencies = (
			);
			name = NiceSquigglyDoomHell;
			productName = NiceSquigglyDoomHell;
			productReference = 22539E83213066AB00EF6AB2 /* NiceSquigglyDoomHell.app */;
			productType = "com.apple.product-type.application";
		};
/* End PBXNativeTarget section */

/* Begin PBXProject section */
		22539E7B213066AB00EF6AB2 /* Project object */ = {
			isa = PBXProject;
			attributes = {
				LastSwiftUpdateCheck = 0940;
				LastUpgradeCheck = 0940;
				ORGANIZATIONNAME = "meech-ward";
				TargetAttributes = {
					22539E82213066AB00EF6AB2 = {
						CreatedOnToolsVersion = 9.4.1;
					};
				};
			};
			buildConfigurationList = 22539E7E213066AB00EF6AB2 /* Build configuration list for PBXProject "NiceSquigglyDoomHell" */;
			compatibilityVersion = "Xcode 9.3";
			developmentRegion = en;
			hasScannedForEncodings = 0;
			knownRegions = (
				en,
				Base,
			);
			mainGroup = 22539E7A213066AB00EF6AB2;
			productRefGroup = 22539E84213066AB00EF6AB2 /* Products */;
			projectDirPath = "";
			projectRoot = "";
			targets = (
				22539E82213066AB00EF6AB2 /* NiceSquigglyDoomHell */,
			);
		};
/* End PBXProject section */

/* Begin PBXResourcesBuildPhase section */
		22539E81213066AB00EF6AB2 /* Resources */ = {
			isa = PBXResourcesBuildPhase;
			buildActionMask = 2147483647;
			files = (
				22539E91213066AD00EF6AB2 /* LaunchScreen.storyboard in Resources */,
				22539E8E213066AD00EF6AB2 /* Assets.xcassets in Resources */,
				22539E8C213066AB00EF6AB2 /* Main.storyboard in Resources */,
			);
			runOnlyForDeploymentPostprocessing = 0;
		};
/* End PBXResourcesBuildPhase section */

/* Begin PBXShellScriptBuildPhase section */
		22539E98213070BE00EF6AB2 /* ShellScript */ = {
			isa = PBXShellScriptBuildPhase;
			buildActionMask = 2147483647;
			files = (
			);
			inputPaths = (
			);
			outputPaths = (
			);
			runOnlyForDeploymentPostprocessing = 0;
			shellPath = /bin/sh;
			shellScript = "";
		};
/* End PBXShellScriptBuildPhase section */

/* Begin PBXSourcesBuildPhase section */
		22539E7F213066AB00EF6AB2 /* Sources */ = {
			isa = PBXSourcesBuildPhase;
			buildActionMask = 2147483647;
			files = (
				22539E89213066AB00EF6AB2 /* ViewController.swift in Sources */,
				22539E87213066AB00EF6AB2 /* AppDelegate.swift in Sources */,
			);
			runOnlyForDeploymentPostprocessing = 0;
		};
/* End PBXSourcesBuildPhase section */

/* Begin PBXVariantGroup section */
		22539E8A213066AB00EF6AB2 /* Main.storyboard */ = {
			isa = PBXVariantGroup;
			children = (
				22539E8B213066AB00EF6AB2 /* Base */,
			);
			name = Main.storyboard;
			sourceTree = "<group>";
		};
		22539E8F213066AD00EF6AB2 /* LaunchScreen.storyboard */ = {
			isa = PBXVariantGroup;
			children = (
				22539E90213066AD00EF6AB2 /* Base */,
			);
			name = LaunchScreen.storyboard;
			sourceTree = "<group>";
		};
/* End PBXVariantGroup section */

/* Begin XCBuildConfiguration section */
		22539E93213066AD00EF6AB2 /* Debug */ = {
			isa = XCBuildConfiguration;
			buildSettings = {
				ALWAYS_SEARCH_USER_PATHS = NO;
				CLANG_ANALYZER_NONNULL = YES;
				CLANG_ANALYZER_NUMBER_OBJECT_CONVERSION = YES_AGGRESSIVE;
				CLANG_CXX_LANGUAGE_STANDARD = "gnu++14";
				CLANG_CXX_LIBRARY = "libc++";
				CLANG_ENABLE_MODULES = YES;
				CLANG_ENABLE_OBJC_ARC = YES;
				CLANG_ENABLE_OBJC_WEAK = YES;
				CLANG_WARN_BLOCK_CAPTURE_AUTORELEASING = YES;
				CLANG_WARN_BOOL_CONVERSION = YES;
				CLANG_WARN_COMMA = YES;
				CLANG_WARN_CONSTANT_CONVERSION = YES;
				CLANG_WARN_DEPRECATED_OBJC_IMPLEMENTATIONS = YES;
				CLANG_WARN_DIRECT_OBJC_ISA_USAGE = YES_ERROR;
				CLANG_WARN_DOCUMENTATION_COMMENTS = YES;
				CLANG_WARN_EMPTY_BODY = YES;
				CLANG_WARN_ENUM_CONVERSION = YES;
				CLANG_WARN_INFINITE_RECURSION = YES;
				CLANG_WARN_INT_CONVERSION = YES;
				CLANG_WARN_NON_LITERAL_NULL_CONVERSION = YES;
				CLANG_WARN_OBJC_IMPLICIT_RETAIN_SELF = YES;
				CLANG_WARN_OBJC_LITERAL_CONVERSION = YES;
				CLANG_WARN_OBJC_ROOT_CLASS = YES_ERROR;
				CLANG_WARN_RANGE_LOOP_ANALYSIS = YES;
				CLANG_WARN_STRICT_PROTOTYPES = YES;
				CLANG_WARN_SUSPICIOUS_MOVE = YES;
				CLANG_WARN_UNGUARDED_AVAILABILITY = YES_AGGRESSIVE;
				CLANG_WARN_UNREACHABLE_CODE = YES;
				CLANG_WARN__DUPLICATE_METHOD_MATCH = YES;
				CODE_SIGN_IDENTITY = "iPhone Developer";
				COPY_PHASE_STRIP = NO;
				DEBUG_INFORMATION_FORMAT = dwarf;
				ENABLE_STRICT_OBJC_MSGSEND = YES;
				ENABLE_TESTABILITY = YES;
				GCC_C_LANGUAGE_STANDARD = gnu11;
				GCC_DYNAMIC_NO_PIC = NO;
				GCC_NO_COMMON_BLOCKS = YES;
				GCC_OPTIMIZATION_LEVEL = 0;
				GCC_PREPROCESSOR_DEFINITIONS = (
					"DEBUG=1",
					"$(inherited)",
				);
				GCC_WARN_64_TO_32_BIT_CONVERSION = YES;
				GCC_WARN_ABOUT_RETURN_TYPE = YES_ERROR;
				GCC_WARN_UNDECLARED_SELECTOR = YES;
				GCC_WARN_UNINITIALIZED_AUTOS = YES_AGGRESSIVE;
				GCC_WARN_UNUSED_FUNCTION = YES;
				GCC_WARN_UNUSED_VARIABLE = YES;
				IPHONEOS_DEPLOYMENT_TARGET = 11.4;
				MTL_ENABLE_DEBUG_INFO = YES;
				ONLY_ACTIVE_ARCH = YES;
				SDKROOT = iphoneos;
				SWIFT_ACTIVE_COMPILATION_CONDITIONS = DEBUG;
				SWIFT_OPTIMIZATION_LEVEL = "-Onone";
			};
			name = Debug;
		};
		22539E94213066AD00EF6AB2 /* Release */ = {
			isa = XCBuildConfiguration;
			buildSettings = {
				ALWAYS_SEARCH_USER_PATHS = NO;
				CLANG_ANALYZER_NONNULL = YES;
				CLANG_ANALYZER_NUMBER_OBJECT_CONVERSION = YES_AGGRESSIVE;
				CLANG_CXX_LANGUAGE_STANDARD = "gnu++14";
				CLANG_CXX_LIBRARY = "libc++";
				CLANG_ENABLE_MODULES = YES;
				CLANG_ENABLE_OBJC_ARC = YES;
				CLANG_ENABLE_OBJC_WEAK = YES;
				CLANG_WARN_BLOCK_CAPTURE_AUTORELEASING = YES;
				CLANG_WARN_BOOL_CONVERSION = YES;
				CLANG_WARN_COMMA = YES;
				CLANG_WARN_CONSTANT_CONVERSION = YES;
				CLANG_WARN_DEPRECATED_OBJC_IMPLEMENTATIONS = YES;
				CLANG_WARN_DIRECT_OBJC_ISA_USAGE = YES_ERROR;
				CLANG_WARN_DOCUMENTATION_COMMENTS = YES;
				CLANG_WARN_EMPTY_BODY = YES;
				CLANG_WARN_ENUM_CONVERSION = YES;
				CLANG_WARN_INFINITE_RECURSION = YES;
				CLANG_WARN_INT_CONVERSION = YES;
				CLANG_WARN_NON_LITERAL_NULL_CONVERSION = YES;
				CLANG_WARN_OBJC_IMPLICIT_RETAIN_SELF = YES;
				CLANG_WARN_OBJC_LITERAL_CONVERSION = YES;
				CLANG_WARN_OBJC_ROOT_CLASS = YES_ERROR;
				CLANG_WARN_RANGE_LOOP_ANALYSIS = YES;
				CLANG_WARN_STRICT_PROTOTYPES = YES;
				CLANG_WARN_SUSPICIOUS_MOVE = YES;
				CLANG_WARN_UNGUARDED_AVAILABILITY = YES_AGGRESSIVE;
				CLANG_WARN_UNREACHABLE_CODE = YES;
				CLANG_WARN__DUPLICATE_METHOD_MATCH = YES;
				CODE_SIGN_IDENTITY = "iPhone Developer";
				COPY_PHASE_STRIP = NO;
				DEBUG_INFORMATION_FORMAT = "dwarf-with-dsym";
				ENABLE_NS_ASSERTIONS = NO;
				ENABLE_STRICT_OBJC_MSGSEND = YES;
				GCC_C_LANGUAGE_STANDARD = gnu11;
				GCC_NO_COMMON_BLOCKS = YES;
				GCC_WARN_64_TO_32_BIT_CONVERSION = YES;
				GCC_WARN_ABOUT_RETURN_TYPE = YES_ERROR;
				GCC_WARN_UNDECLARED_SELECTOR = YES;
				GCC_WARN_UNINITIALIZED_AUTOS = YES_AGGRESSIVE;
				GCC_WARN_UNUSED_FUNCTION = YES;
				GCC_WARN_UNUSED_VARIABLE = YES;
				IPHONEOS_DEPLOYMENT_TARGET = 11.4;
				MTL_ENABLE_DEBUG_INFO = NO;
				SDKROOT = iphoneos;
				SWIFT_COMPILATION_MODE = wholemodule;
				SWIFT_OPTIMIZATION_LEVEL = "-O";
				VALIDATE_PRODUCT = YES;
			};
			name = Release;
		};
		22539E96213066AD00EF6AB2 /* Debug */ = {
			isa = XCBuildConfiguration;
			buildSettings = {
				ASSETCATALOG_COMPILER_APPICON_NAME = AppIcon;
				CODE_SIGN_STYLE = Automatic;
				DEVELOPMENT_TEAM = 7GT6EK8D4J;
				INFOPLIST_FILE = NiceSquigglyDoomHell/Info.plist;
				LD_RUNPATH_SEARCH_PATHS = (
					"$(inherited)",
					"@executable_path/Frameworks",
				);
				PRODUCT_BUNDLE_IDENTIFIER = "com.meech-ward.NiceSquigglyDoomHell";
				PRODUCT_NAME = "$(TARGET_NAME)";
				SWIFT_VERSION = 4.0;
				TARGETED_DEVICE_FAMILY = "1,2";
			};
			name = Debug;
		};
		22539E97213066AD00EF6AB2 /* Release */ = {
			isa = XCBuildConfiguration;
			buildSettings = {
				ASSETCATALOG_COMPILER_APPICON_NAME = AppIcon;
				CODE_SIGN_STYLE = Automatic;
				DEVELOPMENT_TEAM = 7GT6EK8D4J;
				INFOPLIST_FILE = NiceSquigglyDoomHell/Info.plist;
				LD_RUNPATH_SEARCH_PATHS = (
					"$(inherited)",
					"@executable_path/Frameworks",
				);
				PRODUCT_BUNDLE_IDENTIFIER = "com.meech-ward.NiceSquigglyDoomHell";
				PRODUCT_NAME = "$(TARGET_NAME)";
				SWIFT_VERSION = 4.0;
				TARGETED_DEVICE_FAMILY = "1,2";
			};
			name = Release;
		};
/* End XCBuildConfiguration section */

/* Begin XCConfigurationList section */
		22539E7E213066AB00EF6AB2 /* Build configuration list for PBXProject "NiceSquigglyDoomHell" */ = {
			isa = XCConfigurationList;
			buildConfigurations = (
				22539E93213066AD00EF6AB2 /* Debug */,
				22539E94213066AD00EF6AB2 /* Release */,
			);
			defaultConfigurationIsVisible = 0;
			defaultConfigurationName = Release;
		};
		22539E95213066AD00EF6AB2 /* Build configuration list for PBXNativeTarget "NiceSquigglyDoomHell" */ = {
			isa = XCConfigurationList;
			buildConfigurations = (
				22539E96213066AD00EF6AB2 /* Debug */,
				22539E97213066AD00EF6AB2 /* Release */,
			);
			defaultConfigurationIsVisible = 0;
			defaultConfigurationName = Release;
		};
/* End XCConfigurationList section */
	};
	rootObject = 22539E7B213066AB00EF6AB2 /* Project object */;
}
